// !$*UTF8*$!
{
	archiveVersion = 1;
	classes = {
	};
	objectVersion = 56;
	objects = {

/* Begin PBXFileReference section */
		1A2B3C4D5E6F7G8H9I0J1K2L = {isa = PBXFileReference; fileEncoding = 4; lastKnownFileType = sourcecode.swift; name = AppDelegate.swift; path = WordClockWidgets/AppDelegate.swift; sourceTree = SOURCE_ROOT; };
		2B3C4D5E6F7G8H9I0J1K2L3M = {isa = PBXFileReference; fileEncoding = 4; lastKnownFileType = sourcecode.swift; name = SceneDelegate.swift; path = WordClockWidgets/SceneDelegate.swift; sourceTree = SOURCE_ROOT; };
		3C4D5E6F7G8H9I0J1K2L3M4N = {isa = PBXFileReference; fileEncoding = 4; lastKnownFileType = sourcecode.swift; name = ViewController.swift; path = WordClockWidgets/ViewController.swift; sourceTree = SOURCE_ROOT; };
		4D5E6F7G8H9I0J1K2L3M4N5O = {isa = PBXFileReference; fileEncoding = 4; lastKnownFileType = sourcecode.swift; name = NumberToWords.swift; path = WordClockWidgets/NumberToWords.swift; sourceTree = SOURCE_ROOT; };
		5E6F7G8H9I0J1K2L3M4N5O6P = {isa = PBXFileReference; fileEncoding = 4; lastKnownFileType = sourcecode.swift; name = WidgetPreferences.swift; path = WordClockWidgets/WidgetPreferences.swift; sourceTree = SOURCE_ROOT; };
		6F7G8H9I0J1K2L3M4N5O6P7Q = {isa = PBXFileReference; fileEncoding = 4; lastKnownFileType = sourcecode.swift; name = CompatibilityChecker.swift; path = WordClockWidgets/CompatibilityChecker.swift; sourceTree = SOURCE_ROOT; };
		7G8H9I0J1K2L3M4N5O6P7Q8R = {isa = PBXFileReference; fileEncoding = 4; lastKnownFileType = text.plist.xml; name = Info.plist; path = WordClockWidgets/Info.plist; sourceTree = SOURCE_ROOT; };
		8H9I0J1K2L3M4N5O6P7Q8R9S = {isa = PBXFileReference; fileEncoding = 4; lastKnownFileType = sourcecode.swift; name = WordClockWidgetsWidget.swift; path = WordClockWidgetsWidget/WordClockWidgetsWidget.swift; sourceTree = SOURCE_ROOT; };
		9I0J1K2L3M4N5O6P7Q8R9S0T = {isa = PBXFileReference; fileEncoding = 4; lastKnownFileType = text.plist.xml; name = Info.plist; path = WordClockWidgetsWidget/Info.plist; sourceTree = SOURCE_ROOT; };
		10J2M3N4O5P6Q7R8S9T0U1V2W = {isa = PBXFileReference; includeInIndex = 0; lastKnownFileType = wrapper.application; name = WordClockWidgets.app; path = WordClockWidgets.app; sourceTree = BUILT_PRODUCTS_DIR; };
/* End PBXFileReference section */

/* Begin PBXGroup section */
		0A1B2C3D4E5F6G7H8I9J0K1L = {
			isa = PBXGroup;
			children = (
				1A2B3C4D5E6F7G8H9I0J1K2L,
				2B3C4D5E6F7G8H9I0J1K2L3M,
				3C4D5E6F7G8H9I0J1K2L3M4N,
				4D5E6F7G8H9I0J1K2L3M4N5O,
				5E6F7G8H9I0J1K2L3M4N5O6P,
				6F7G8H9I0J1K2L3M4N5O6P7Q,
				7G8H9I0J1K2L3M4N5O6P7Q8R,
			);
			name = WordClockWidgets;
			sourceTree = SOURCE_ROOT;
		};
		1L2M3N4O5P6Q7R8S9T0U1V2W = {
			isa = PBXGroup;
			children = (
				10J2M3N4O5P6Q7R8S9T0U1V2W,
			);
			name = Products;
			sourceTree = "<group>";
		};
/* End PBXGroup section */

/* Begin PBXSourcesBuildPhase section */
		2W3X4Y5Z6A7B8C9D0E1F2G3H = {
			isa = PBXSourcesBuildPhase;
			buildActionMask = 2147483647;
			files = (
				1A2B3C4D5E6F7G8H9I0J1K2L,
				2B3C4D5E6F7G8H9I0J1K2L3M,
				3C4D5E6F7G8H9I0J1K2L3M4N,
				4D5E6F7G8H9I0J1K2L3M4N5O,
				5E6F7G8H9I0J1K2L3M4N5O6P,
				6F7G8H9I0J1K2L3M4N5O6P7Q,
			);
			runOnlyForDeploymentPostprocessing = 0;
		};
/* End PBXSourcesBuildPhase section */

/* Begin PBXNativeTarget section */
		3H4I5J6K7L8M9N0O1P2Q3R4S = {
			isa = PBXNativeTarget;
			buildConfigurationList = 4S5T6U7V8W9X0Y1Z2A3B4C5D;
			buildPhases = (
				2W3X4Y5Z6A7B8C9D0E1F2G3H,
			);
			buildRules = (
			);
			dependencies = (
			);
			name = WordClockWidgets;
			productName = WordClockWidgets;
			productReference = 10J2M3N4O5P6Q7R8S9T0U1V2W;
			productType = "com.apple.product-type.application";
		};
/* End PBXNativeTarget section */

/* Begin PBXProject section */
		5D6E7F8G9H0I1J2K3L4M5N6O = {
			isa = PBXProject;
			attributes = {
				BuildIndependentTargetsInParallel = 1;
				LastSwiftUpdateCheck = 1500;
				LastUpgradeCheck = 1500;
				TargetAttributes = {
					3H4I5J6K7L8M9N0O1P2Q3R4S = {
						CreatedOnToolsVersion = 15.0;
					};
				};
			};
			buildConfigurationList = 6O7P8Q9R0S1T2U3V4W5X6Y7Z;
			compatibilityVersion = "Xcode 14.0";
			developmentRegion = en;
			hasScannedForEncodings = 0;
			knownRegions = (
				en,
				Base,
			);
			mainGroup = 0A1B2C3D4E5F6G7H8I9J0K1L;
			projectDirPath = "";
			projectRoot = "";
			targets = (
				3H4I5J6K7L8M9N0O1P2Q3R4S,
			);
		};
/* End PBXProject section */

/* Begin XCBuildConfiguration section */
		7Z8A9B0C1D2E3F4G5H6I7J8K = {
			isa = XCBuildConfiguration;
			buildSettings = {
				ALWAYS_SEARCH_USER_PATHS = NO;
				CLANG_ANALYZER_NONNULL = YES;
				CLANG_CXX_LANGUAGE_DIALECT = "c++20";
				CLANG_ENABLE_MODULES = YES;
				CLANG_ENABLE_OBJC_ARC = YES;
				CODE_SIGN_IDENTITY = "";
				CODE_SIGN_STYLE = Automatic;
				COPY_PHASE_STRIP = NO;
				DEBUG_INFORMATION_FORMAT = "dwarf-with-dsym";
				ENABLE_NS_ASSERTIONS = NO;
				GCC_C_LANGUAGE_DIALECT = gnu99;
				GCC_NO_COMMON_BLOCKS = YES;
				IPHONEOS_DEPLOYMENT_TARGET = 14.0;
				SDKROOT = iphoneos;
				SWIFT_COMPILATION_MODE = wholemodule;
				SWIFT_OPTIMIZATION_LEVEL = "-O";
				SWIFT_VERSION = 5.9;
				VALIDATE_PRODUCT = YES;
			};
			name = Release;
		};
		8K9L0M1N2O3P4Q5R6S7T8U9V = {
			isa = XCBuildConfiguration;
			buildSettings = {
				ASSETCATALOG_COMPILER_APPICON_NAME = AppIcon;
				ASSETCATALOG_COMPILER_GLOBAL_ACCENT_COLOR_NAME = AccentColor;
				BUNDLE_LOADER = "";
				CODE_SIGN_IDENTITY = "iPhone Developer";
				CODE_SIGN_STYLE = Automatic;
				CURRENT_PROJECT_VERSION = 1;
				DEVELOPMENT_TEAM = "";
				EXECUTABLE_NAME = WordClockWidgets;
				FRAMEWORK_SEARCH_PATHS = "$(inherited)";
				IPHONEOS_DEPLOYMENT_TARGET = 14.0;
				LD_RUNPATH_SEARCH_PATHS = "@executable_path/Frameworks";
				MARKETING_VERSION = 1.0;
				PRODUCT_BUNDLE_IDENTIFIER = "com.akfsno.wordclockwidgets";
				PRODUCT_NAME = "$(TARGET_NAME)";
				SWIFT_EMIT_LOC_STRINGS = YES;
				SWIFT_VERSION = 5.9;
				TARGETED_DEVICE_FAMILY = "1,2";
			};
			name = Release;
		};
/* End XCBuildConfiguration section */

/* Begin XCConfigurationList section */
		6O7P8Q9R0S1T2U3V4W5X6Y7Z = {
			isa = XCConfigurationList;
			buildConfigurations = (
				7Z8A9B0C1D2E3F4G5H6I7J8K,
			);
			defaultConfigurationIsVisible = 0;
			defaultConfigurationName = Release;
		};
		4S5T6U7V8W9X0Y1Z2A3B4C5D = {
			isa = XCConfigurationList;
			buildConfigurations = (
				8K9L0M1N2O3P4Q5R6S7T8U9V,
			);
			defaultConfigurationIsVisible = 0;
			defaultConfigurationName = Release;
		};
/* End XCConfigurationList section */
	};
	rootObject = 5D6E7F8G9H0I1J2K3L4M5N6O;
}
